
Microsoft Visual Studio Solution File, Format Version 12.00
# Visual Studio Version 17
VisualStudioVersion = 17.9.34526.213
MinimumVisualStudioVersion = 10.0.40219.1
Project("{FAE04EC0-301F-11D3-BF4B-00C04F79EFBC}") = "BlazorIntro", "BlazorIntro.csproj", "{BFCCBC6B-C4C6-46C0-8D6C-70248E40E2EB}"
EndProject
Global
	GlobalSection(SolutionConfigurationPlatforms) = preSolution
		Debug|Any CPU = Debug|Any CPU
		Release|Any CPU = Release|Any CPU
	EndGlobalSection
	GlobalSection(ProjectConfigurationPlatforms) = postSolution
		{BFCCBC6B-C4C6-46C0-8D6C-70248E40E2EB}.Debug|Any CPU.ActiveCfg = Debug|Any CPU
		{BFCCBC6B-C4C6-46C0-8D6C-70248E40E2EB}.Debug|Any CPU.Build.0 = Debug|Any CPU
		{BFCCBC6B-C4C6-46C0-8D6C-70248E40E2EB}.Release|Any CPU.ActiveCfg = Release|Any CPU
		{BFCCBC6B-C4C6-46C0-8D6C-70248E40E2EB}.Release|Any CPU.Build.0 = Release|Any CPU
	EndGlobalSection
	GlobalSection(SolutionProperties) = preSolution
		HideSolutionNode = FALSE
	EndGlobalSection
	GlobalSection(ExtensibilityGlobals) = postSolution
		SolutionGuid = {FCEA440B-E334-4570-9CC8-85D879A4618D}
	EndGlobalSection
EndGlobal
